
Microsoft Visual Studio Solution File, Format Version 12.00
# Visual Studio Version 17
VisualStudioVersion = 17.5.33530.505
MinimumVisualStudioVersion = 10.0.40219.1
Project("{2150E333-8FDC-42A3-9474-1A3956D46DE8}") = "src", "src", "{DBF01F28-6DCC-4651-AC90-749826EF69EC}"
EndProject
Project("{2150E333-8FDC-42A3-9474-1A3956D46DE8}") = "Services", "Services", "{534F35B4-0234-4230-B532-FC88E76F8D3F}"
EndProject
Project("{2150E333-8FDC-42A3-9474-1A3956D46DE8}") = "Catalog", "Catalog", "{812254CE-D856-4EE6-8185-AE4B61F2781A}"
EndProject
Project("{9A19103F-16F7-4668-BE54-9A1E7A4F7556}") = "Catalog.API", "src\Services\Catalog\Catalog.API\Catalog.API.csproj", "{728D6792-CEE5-45A4-A094-BF1BC0534ED6}"
EndProject
Project("{E53339B2-1760-4266-BCC7-CA923CBCF16C}") = "docker-compose", "docker-compose.dcproj", "{C32955FF-440F-47C3-9AF0-85A74BF69E9C}"
EndProject
Project("{2150E333-8FDC-42A3-9474-1A3956D46DE8}") = "Basket", "Basket", "{542B8707-DCD5-45A2-8C84-DB688332BBFC}"
EndProject
Project("{9A19103F-16F7-4668-BE54-9A1E7A4F7556}") = "Basket.API", "src\Services\Basket\Basket.API\Basket.API.csproj", "{4CBA0FE1-9EA9-4925-AB59-B81DF68DA3D2}"
EndProject
Project("{2150E333-8FDC-42A3-9474-1A3956D46DE8}") = "Discount", "Discount", "{1926979C-456A-4122-AFD0-B2E1CA2EE260}"
EndProject
Project("{9A19103F-16F7-4668-BE54-9A1E7A4F7556}") = "Discount.API", "src\Services\Discount\Discount.API\Discount.API.csproj", "{E1D8B31C-6A1A-4355-9DC2-C4026F6ED7B7}"
EndProject
Project("{9A19103F-16F7-4668-BE54-9A1E7A4F7556}") = "Discount.Grpc", "src\Services\Discount\Discount.Grpc\Discount.Grpc.csproj", "{B0BF1714-8F48-45B0-BD91-F60BC7159787}"
EndProject
Project("{2150E333-8FDC-42A3-9474-1A3956D46DE8}") = "Ordering", "Ordering", "{DDC73962-988F-41A1-8E54-DA7068E21019}"
EndProject
Project("{9A19103F-16F7-4668-BE54-9A1E7A4F7556}") = "Ordering.API", "src\Services\Ordering\Ordering.API\Ordering.API.csproj", "{CF75F89C-6297-4900-AE0F-B305C55428F0}"
EndProject
Project("{9A19103F-16F7-4668-BE54-9A1E7A4F7556}") = "Ordering.Domain", "src\Services\Ordering\Ordering.Domain\Ordering.Domain.csproj", "{6C5EF9CA-0057-4F0F-B5B1-92A65F482F8B}"
EndProject
Project("{9A19103F-16F7-4668-BE54-9A1E7A4F7556}") = "Ordering.Application", "src\Services\Ordering\Ordering.Application\Ordering.Application.csproj", "{10A13E98-1146-4D8C-9113-D536C784B1F6}"
EndProject
Project("{9A19103F-16F7-4668-BE54-9A1E7A4F7556}") = "Ordering.Infrastructure", "src\Services\Ordering\Ordering.Infrastructure\Ordering.Infrastructure.csproj", "{1CBF8338-F115-4208-AC9C-EC532C818E57}"
EndProject
Project("{2150E333-8FDC-42A3-9474-1A3956D46DE8}") = "BuildingBlocks", "BuildingBlocks", "{952C75D1-572C-4022-BCF7-CDFAB9C4A1A4}"
EndProject
Project("{9A19103F-16F7-4668-BE54-9A1E7A4F7556}") = "EventBus.Messages", "src\BuildingBlocks\EventBus.Messages\EventBus.Messages.csproj", "{AF035A45-74BA-4D60-B72F-A2E11C2BBB0F}"
EndProject
Project("{2150E333-8FDC-42A3-9474-1A3956D46DE8}") = "ApiGateways", "ApiGateways", "{C7533166-80CF-4967-A888-7FC2326B0C71}"
EndProject
Project("{9A19103F-16F7-4668-BE54-9A1E7A4F7556}") = "OcelotApiGw", "src\ApiGateways\OcelotApiGw\OcelotApiGw.csproj", "{F831E5AE-33E9-4B1F-B603-753FD5ACF55F}"
EndProject
Project("{9A19103F-16F7-4668-BE54-9A1E7A4F7556}") = "ShoppingCart.Aggregator", "src\ApiGateways\ShoppingCart.Aggregator\ShoppingCart.Aggregator.csproj", "{23ABC7D8-22F6-43EB-8DEB-CCD9E905B6E6}"
EndProject
Project("{2150E333-8FDC-42A3-9474-1A3956D46DE8}") = "WebApps", "WebApps", "{6329A1DD-6F7E-41A0-939C-6DD361F7932A}"
EndProject
Project("{FAE04EC0-301F-11D3-BF4B-00C04F79EFBC}") = "AspnetRunBasics", "src\WebApps\AspnetRunBasics\AspnetRunBasics.csproj", "{163D4E45-851E-4EF3-A74C-2AE5F5E43066}"
EndProject
Global
	GlobalSection(SolutionConfigurationPlatforms) = preSolution
		Debug|Any CPU = Debug|Any CPU
		Release|Any CPU = Release|Any CPU
	EndGlobalSection
	GlobalSection(ProjectConfigurationPlatforms) = postSolution
		{728D6792-CEE5-45A4-A094-BF1BC0534ED6}.Debug|Any CPU.ActiveCfg = Debug|Any CPU
		{728D6792-CEE5-45A4-A094-BF1BC0534ED6}.Debug|Any CPU.Build.0 = Debug|Any CPU
		{728D6792-CEE5-45A4-A094-BF1BC0534ED6}.Release|Any CPU.ActiveCfg = Release|Any CPU
		{728D6792-CEE5-45A4-A094-BF1BC0534ED6}.Release|Any CPU.Build.0 = Release|Any CPU
		{C32955FF-440F-47C3-9AF0-85A74BF69E9C}.Debug|Any CPU.ActiveCfg = Debug|Any CPU
		{C32955FF-440F-47C3-9AF0-85A74BF69E9C}.Debug|Any CPU.Build.0 = Debug|Any CPU
		{C32955FF-440F-47C3-9AF0-85A74BF69E9C}.Release|Any CPU.ActiveCfg = Release|Any CPU
		{C32955FF-440F-47C3-9AF0-85A74BF69E9C}.Release|Any CPU.Build.0 = Release|Any CPU
		{4CBA0FE1-9EA9-4925-AB59-B81DF68DA3D2}.Debug|Any CPU.ActiveCfg = Debug|Any CPU
		{4CBA0FE1-9EA9-4925-AB59-B81DF68DA3D2}.Debug|Any CPU.Build.0 = Debug|Any CPU
		{4CBA0FE1-9EA9-4925-AB59-B81DF68DA3D2}.Release|Any CPU.ActiveCfg = Release|Any CPU
		{4CBA0FE1-9EA9-4925-AB59-B81DF68DA3D2}.Release|Any CPU.Build.0 = Release|Any CPU
		{E1D8B31C-6A1A-4355-9DC2-C4026F6ED7B7}.Debug|Any CPU.ActiveCfg = Debug|Any CPU
		{E1D8B31C-6A1A-4355-9DC2-C4026F6ED7B7}.Debug|Any CPU.Build.0 = Debug|Any CPU
		{E1D8B31C-6A1A-4355-9DC2-C4026F6ED7B7}.Release|Any CPU.ActiveCfg = Release|Any CPU
		{E1D8B31C-6A1A-4355-9DC2-C4026F6ED7B7}.Release|Any CPU.Build.0 = Release|Any CPU
		{B0BF1714-8F48-45B0-BD91-F60BC7159787}.Debug|Any CPU.ActiveCfg = Debug|Any CPU
		{B0BF1714-8F48-45B0-BD91-F60BC7159787}.Debug|Any CPU.Build.0 = Debug|Any CPU
		{B0BF1714-8F48-45B0-BD91-F60BC7159787}.Release|Any CPU.ActiveCfg = Release|Any CPU
		{B0BF1714-8F48-45B0-BD91-F60BC7159787}.Release|Any CPU.Build.0 = Release|Any CPU
		{CF75F89C-6297-4900-AE0F-B305C55428F0}.Debug|Any CPU.ActiveCfg = Debug|Any CPU
		{CF75F89C-6297-4900-AE0F-B305C55428F0}.Debug|Any CPU.Build.0 = Debug|Any CPU
		{CF75F89C-6297-4900-AE0F-B305C55428F0}.Release|Any CPU.ActiveCfg = Release|Any CPU
		{CF75F89C-6297-4900-AE0F-B305C55428F0}.Release|Any CPU.Build.0 = Release|Any CPU
		{6C5EF9CA-0057-4F0F-B5B1-92A65F482F8B}.Debug|Any CPU.ActiveCfg = Debug|Any CPU
		{6C5EF9CA-0057-4F0F-B5B1-92A65F482F8B}.Debug|Any CPU.Build.0 = Debug|Any CPU
		{6C5EF9CA-0057-4F0F-B5B1-92A65F482F8B}.Release|Any CPU.ActiveCfg = Release|Any CPU
		{6C5EF9CA-0057-4F0F-B5B1-92A65F482F8B}.Release|Any CPU.Build.0 = Release|Any CPU
		{10A13E98-1146-4D8C-9113-D536C784B1F6}.Debug|Any CPU.ActiveCfg = Debug|Any CPU
		{10A13E98-1146-4D8C-9113-D536C784B1F6}.Debug|Any CPU.Build.0 = Debug|Any CPU
		{10A13E98-1146-4D8C-9113-D536C784B1F6}.Release|Any CPU.ActiveCfg = Release|Any CPU
		{10A13E98-1146-4D8C-9113-D536C784B1F6}.Release|Any CPU.Build.0 = Release|Any CPU
		{1CBF8338-F115-4208-AC9C-EC532C818E57}.Debug|Any CPU.ActiveCfg = Debug|Any CPU
		{1CBF8338-F115-4208-AC9C-EC532C818E57}.Debug|Any CPU.Build.0 = Debug|Any CPU
		{1CBF8338-F115-4208-AC9C-EC532C818E57}.Release|Any CPU.ActiveCfg = Release|Any CPU
		{1CBF8338-F115-4208-AC9C-EC532C818E57}.Release|Any CPU.Build.0 = Release|Any CPU
		{AF035A45-74BA-4D60-B72F-A2E11C2BBB0F}.Debug|Any CPU.ActiveCfg = Debug|Any CPU
		{AF035A45-74BA-4D60-B72F-A2E11C2BBB0F}.Debug|Any CPU.Build.0 = Debug|Any CPU
		{AF035A45-74BA-4D60-B72F-A2E11C2BBB0F}.Release|Any CPU.ActiveCfg = Release|Any CPU
		{AF035A45-74BA-4D60-B72F-A2E11C2BBB0F}.Release|Any CPU.Build.0 = Release|Any CPU
		{F831E5AE-33E9-4B1F-B603-753FD5ACF55F}.Debug|Any CPU.ActiveCfg = Debug|Any CPU
		{F831E5AE-33E9-4B1F-B603-753FD5ACF55F}.Debug|Any CPU.Build.0 = Debug|Any CPU
		{F831E5AE-33E9-4B1F-B603-753FD5ACF55F}.Release|Any CPU.ActiveCfg = Release|Any CPU
		{F831E5AE-33E9-4B1F-B603-753FD5ACF55F}.Release|Any CPU.Build.0 = Release|Any CPU
		{23ABC7D8-22F6-43EB-8DEB-CCD9E905B6E6}.Debug|Any CPU.ActiveCfg = Debug|Any CPU
		{23ABC7D8-22F6-43EB-8DEB-CCD9E905B6E6}.Debug|Any CPU.Build.0 = Debug|Any CPU
		{23ABC7D8-22F6-43EB-8DEB-CCD9E905B6E6}.Release|Any CPU.ActiveCfg = Release|Any CPU
		{23ABC7D8-22F6-43EB-8DEB-CCD9E905B6E6}.Release|Any CPU.Build.0 = Release|Any CPU
		{163D4E45-851E-4EF3-A74C-2AE5F5E43066}.Debug|Any CPU.ActiveCfg = Debug|Any CPU
		{163D4E45-851E-4EF3-A74C-2AE5F5E43066}.Debug|Any CPU.Build.0 = Debug|Any CPU
		{163D4E45-851E-4EF3-A74C-2AE5F5E43066}.Release|Any CPU.ActiveCfg = Release|Any CPU
		{163D4E45-851E-4EF3-A74C-2AE5F5E43066}.Release|Any CPU.Build.0 = Release|Any CPU
	EndGlobalSection
	GlobalSection(SolutionProperties) = preSolution
		HideSolutionNode = FALSE
	EndGlobalSection
	GlobalSection(NestedProjects) = preSolution
		{534F35B4-0234-4230-B532-FC88E76F8D3F} = {DBF01F28-6DCC-4651-AC90-749826EF69EC}
		{812254CE-D856-4EE6-8185-AE4B61F2781A} = {534F35B4-0234-4230-B532-FC88E76F8D3F}
		{728D6792-CEE5-45A4-A094-BF1BC0534ED6} = {812254CE-D856-4EE6-8185-AE4B61F2781A}
		{542B8707-DCD5-45A2-8C84-DB688332BBFC} = {534F35B4-0234-4230-B532-FC88E76F8D3F}
		{4CBA0FE1-9EA9-4925-AB59-B81DF68DA3D2} = {542B8707-DCD5-45A2-8C84-DB688332BBFC}
		{1926979C-456A-4122-AFD0-B2E1CA2EE260} = {534F35B4-0234-4230-B532-FC88E76F8D3F}
		{E1D8B31C-6A1A-4355-9DC2-C4026F6ED7B7} = {1926979C-456A-4122-AFD0-B2E1CA2EE260}
		{B0BF1714-8F48-45B0-BD91-F60BC7159787} = {1926979C-456A-4122-AFD0-B2E1CA2EE260}
		{DDC73962-988F-41A1-8E54-DA7068E21019} = {534F35B4-0234-4230-B532-FC88E76F8D3F}
		{CF75F89C-6297-4900-AE0F-B305C55428F0} = {DDC73962-988F-41A1-8E54-DA7068E21019}
		{6C5EF9CA-0057-4F0F-B5B1-92A65F482F8B} = {DDC73962-988F-41A1-8E54-DA7068E21019}
		{10A13E98-1146-4D8C-9113-D536C784B1F6} = {DDC73962-988F-41A1-8E54-DA7068E21019}
		{1CBF8338-F115-4208-AC9C-EC532C818E57} = {DDC73962-988F-41A1-8E54-DA7068E21019}
		{952C75D1-572C-4022-BCF7-CDFAB9C4A1A4} = {DBF01F28-6DCC-4651-AC90-749826EF69EC}
		{AF035A45-74BA-4D60-B72F-A2E11C2BBB0F} = {952C75D1-572C-4022-BCF7-CDFAB9C4A1A4}
		{C7533166-80CF-4967-A888-7FC2326B0C71} = {DBF01F28-6DCC-4651-AC90-749826EF69EC}
		{F831E5AE-33E9-4B1F-B603-753FD5ACF55F} = {C7533166-80CF-4967-A888-7FC2326B0C71}
		{23ABC7D8-22F6-43EB-8DEB-CCD9E905B6E6} = {C7533166-80CF-4967-A888-7FC2326B0C71}
		{6329A1DD-6F7E-41A0-939C-6DD361F7932A} = {DBF01F28-6DCC-4651-AC90-749826EF69EC}
		{163D4E45-851E-4EF3-A74C-2AE5F5E43066} = {6329A1DD-6F7E-41A0-939C-6DD361F7932A}
	EndGlobalSection
	GlobalSection(ExtensibilityGlobals) = postSolution
		SolutionGuid = {4CF4C7D8-7FF8-4DEC-8AB3-DE2EB6189C21}
	EndGlobalSection
EndGlobal
